// !$*UTF8*$!
{
	archiveVersion = 1;
	classes = {
	};
	objectVersion = 50;
	objects = {

/* Begin PBXBuildFile section */
		2388F5CF255A841500AC4B3D /* CalculatorToggleButtonView.swift in Sources */ = {isa = PBXBuildFile; fileRef = 2388F5CE255A841500AC4B3D /* CalculatorToggleButtonView.swift */; };
		23ABC6C9254BA6CC004D2802 /* MainView.swift in Sources */ = {isa = PBXBuildFile; fileRef = 23ABC6C8254BA6CC004D2802 /* MainView.swift */; };
		23F356A4254B9FDB00650251 /* DisplayView.swift in Sources */ = {isa = PBXBuildFile; fileRef = 23F356A3254B9FDB00650251 /* DisplayView.swift */; };
		23F356A7254BA09000650251 /* CalculatorButtonsView.swift in Sources */ = {isa = PBXBuildFile; fileRef = 23F356A6254BA09000650251 /* CalculatorButtonsView.swift */; };
		23F356AA254BA21A00650251 /* CalculatorButton.swift in Sources */ = {isa = PBXBuildFile; fileRef = 23F356A9254BA21A00650251 /* CalculatorButton.swift */; };
		23F356B1254BA2BF00650251 /* CalculatorButtonStyle.swift in Sources */ = {isa = PBXBuildFile; fileRef = 23F356B0254BA2BF00650251 /* CalculatorButtonStyle.swift */; };
		23F356B4254BA2F000650251 /* CalculatorViewModel.swift in Sources */ = {isa = PBXBuildFile; fileRef = 23F356B3254BA2F000650251 /* CalculatorViewModel.swift */; };
		23F356B7254BA39F00650251 /* Extensions.swift in Sources */ = {isa = PBXBuildFile; fileRef = 23F356B6254BA39F00650251 /* Extensions.swift */; };
		23F9C2F62546913600A8B58C /* CalculatorApp.swift in Sources */ = {isa = PBXBuildFile; fileRef = 23F9C2F52546913600A8B58C /* CalculatorApp.swift */; };
		23F9C2FA2546913700A8B58C /* Assets.xcassets in Resources */ = {isa = PBXBuildFile; fileRef = 23F9C2F92546913700A8B58C /* Assets.xcassets */; };
		23F9C2FD2546913700A8B58C /* Preview Assets.xcassets in Resources */ = {isa = PBXBuildFile; fileRef = 23F9C2FC2546913700A8B58C /* Preview Assets.xcassets */; };
/* End PBXBuildFile section */

/* Begin PBXFileReference section */
		2388F5CE255A841500AC4B3D /* CalculatorToggleButtonView.swift */ = {isa = PBXFileReference; lastKnownFileType = sourcecode.swift; path = CalculatorToggleButtonView.swift; sourceTree = "<group>"; };
		23ABC6C8254BA6CC004D2802 /* MainView.swift */ = {isa = PBXFileReference; lastKnownFileType = sourcecode.swift; path = MainView.swift; sourceTree = "<group>"; };
		23F356A3254B9FDB00650251 /* DisplayView.swift */ = {isa = PBXFileReference; lastKnownFileType = sourcecode.swift; path = DisplayView.swift; sourceTree = "<group>"; };
		23F356A6254BA09000650251 /* CalculatorButtonsView.swift */ = {isa = PBXFileReference; lastKnownFileType = sourcecode.swift; path = CalculatorButtonsView.swift; sourceTree = "<group>"; };
		23F356A9254BA21A00650251 /* CalculatorButton.swift */ = {isa = PBXFileReference; lastKnownFileType = sourcecode.swift; path = CalculatorButton.swift; sourceTree = "<group>"; };
		23F356B0254BA2BF00650251 /* CalculatorButtonStyle.swift */ = {isa = PBXFileReference; lastKnownFileType = sourcecode.swift; path = CalculatorButtonStyle.swift; sourceTree = "<group>"; };
		23F356B3254BA2F000650251 /* CalculatorViewModel.swift */ = {isa = PBXFileReference; lastKnownFileType = sourcecode.swift; path = CalculatorViewModel.swift; sourceTree = "<group>"; };
		23F356B6254BA39F00650251 /* Extensions.swift */ = {isa = PBXFileReference; lastKnownFileType = sourcecode.swift; path = Extensions.swift; sourceTree = "<group>"; };
		23F9C2F22546913600A8B58C /* Calculator.app */ = {isa = PBXFileReference; explicitFileType = wrapper.application; includeInIndex = 0; path = Calculator.app; sourceTree = BUILT_PRODUCTS_DIR; };
		23F9C2F52546913600A8B58C /* CalculatorApp.swift */ = {isa = PBXFileReference; lastKnownFileType = sourcecode.swift; path = CalculatorApp.swift; sourceTree = "<group>"; };
		23F9C2F92546913700A8B58C /* Assets.xcassets */ = {isa = PBXFileReference; lastKnownFileType = folder.assetcatalog; path = Assets.xcassets; sourceTree = "<group>"; };
		23F9C2FC2546913700A8B58C /* Preview Assets.xcassets */ = {isa = PBXFileReference; lastKnownFileType = folder.assetcatalog; path = "Preview Assets.xcassets"; sourceTree = "<group>"; };
		23F9C2FE2546913700A8B58C /* Info.plist */ = {isa = PBXFileReference; lastKnownFileType = text.plist.xml; path = Info.plist; sourceTree = "<group>"; };
/* End PBXFileReference section */

/* Begin PBXFrameworksBuildPhase section */
		23F9C2EF2546913600A8B58C /* Frameworks */ = {
			isa = PBXFrameworksBuildPhase;
			buildActionMask = 2147483647;
			files = (
			);
			runOnlyForDeploymentPostprocessing = 0;
		};
/* End PBXFrameworksBuildPhase section */

/* Begin PBXGroup section */
		23ABC6C2254BA566004D2802 /* ViewModels */ = {
			isa = PBXGroup;
			children = (
				23F356B3254BA2F000650251 /* CalculatorViewModel.swift */,
			);
			path = ViewModels;
			sourceTree = "<group>";
		};
		23ABC6C3254BA56F004D2802 /* Views */ = {
			isa = PBXGroup;
			children = (
				23F356A6254BA09000650251 /* CalculatorButtonsView.swift */,
				2388F5CE255A841500AC4B3D /* CalculatorToggleButtonView.swift */,
				23F356A3254B9FDB00650251 /* DisplayView.swift */,
				23ABC6C8254BA6CC004D2802 /* MainView.swift */,
			);
			path = Views;
			sourceTree = "<group>";
		};
		23ABC6C5254BA5AC004D2802 /* Styles */ = {
			isa = PBXGroup;
			children = (
				23F356B0254BA2BF00650251 /* CalculatorButtonStyle.swift */,
			);
			path = Styles;
			sourceTree = "<group>";
		};
		23ABC6C6254BA5DC004D2802 /* Models */ = {
			isa = PBXGroup;
			children = (
				23F356A9254BA21A00650251 /* CalculatorButton.swift */,
			);
			path = Models;
			sourceTree = "<group>";
		};
		23F9C2E92546913600A8B58C = {
			isa = PBXGroup;
			children = (
				23F9C2F42546913600A8B58C /* Calculator */,
				23F9C2F32546913600A8B58C /* Products */,
			);
			sourceTree = "<group>";
		};
		23F9C2F32546913600A8B58C /* Products */ = {
			isa = PBXGroup;
			children = (
				23F9C2F22546913600A8B58C /* Calculator.app */,
			);
			name = Products;
			sourceTree = "<group>";
		};
		23F9C2F42546913600A8B58C /* Calculator */ = {
			isa = PBXGroup;
			children = (
				23F9C2F52546913600A8B58C /* CalculatorApp.swift */,
				23F356B6254BA39F00650251 /* Extensions.swift */,
				23ABC6C2254BA566004D2802 /* ViewModels */,
				23ABC6C3254BA56F004D2802 /* Views */,
				23ABC6C6254BA5DC004D2802 /* Models */,
				23ABC6C5254BA5AC004D2802 /* Styles */,
				23F9C2F92546913700A8B58C /* Assets.xcassets */,
				23F9C2FE2546913700A8B58C /* Info.plist */,
				23F9C2FB2546913700A8B58C /* Preview Content */,
			);
			path = Calculator;
			sourceTree = "<group>";
		};
		23F9C2FB2546913700A8B58C /* Preview Content */ = {
			isa = PBXGroup;
			children = (
				23F9C2FC2546913700A8B58C /* Preview Assets.xcassets */,
			);
			path = "Preview Content";
			sourceTree = "<group>";
		};
/* End PBXGroup section */

/* Begin PBXNativeTarget section */
		23F9C2F12546913600A8B58C /* Calculator */ = {
			isa = PBXNativeTarget;
			buildConfigurationList = 23F9C3012546913700A8B58C /* Build configuration list for PBXNativeTarget "Calculator" */;
			buildPhases = (
				23F9C2EE2546913600A8B58C /* Sources */,
				23F9C2EF2546913600A8B58C /* Frameworks */,
				23F9C2F02546913600A8B58C /* Resources */,
			);
			buildRules = (
			);
			dependencies = (
			);
			name = Calculator;
			productName = Calculator;
			productReference = 23F9C2F22546913600A8B58C /* Calculator.app */;
			productType = "com.apple.product-type.application";
		};
/* End PBXNativeTarget section */

/* Begin PBXProject section */
		23F9C2EA2546913600A8B58C /* Project object */ = {
			isa = PBXProject;
			attributes = {
				LastSwiftUpdateCheck = 1210;
				LastUpgradeCheck = 1210;
				TargetAttributes = {
					23F9C2F12546913600A8B58C = {
						CreatedOnToolsVersion = 12.1;
					};
				};
			};
			buildConfigurationList = 23F9C2ED2546913600A8B58C /* Build configuration list for PBXProject "Calculator" */;
			compatibilityVersion = "Xcode 9.3";
			developmentRegion = en;
			hasScannedForEncodings = 0;
			knownRegions = (
				en,
				Base,
			);
			mainGroup = 23F9C2E92546913600A8B58C;
			productRefGroup = 23F9C2F32546913600A8B58C /* Products */;
			projectDirPath = "";
			projectRoot = "";
			targets = (
				23F9C2F12546913600A8B58C /* Calculator */,
			);
		};
/* End PBXProject section */

/* Begin PBXResourcesBuildPhase section */
		23F9C2F02546913600A8B58C /* Resources */ = {
			isa = PBXResourcesBuildPhase;
			buildActionMask = 2147483647;
			files = (
				23F9C2FD2546913700A8B58C /* Preview Assets.xcassets in Resources */,
				23F9C2FA2546913700A8B58C /* Assets.xcassets in Resources */,
			);
			runOnlyForDeploymentPostprocessing = 0;
		};
/* End PBXResourcesBuildPhase section */

/* Begin PBXSourcesBuildPhase section */
		23F9C2EE2546913600A8B58C /* Sources */ = {
			isa = PBXSourcesBuildPhase;
			buildActionMask = 2147483647;
			files = (
				23F356B4254BA2F000650251 /* CalculatorViewModel.swift in Sources */,
				23ABC6C9254BA6CC004D2802 /* MainView.swift in Sources */,
				2388F5CF255A841500AC4B3D /* CalculatorToggleButtonView.swift in Sources */,
				23F356A4254B9FDB00650251 /* DisplayView.swift in Sources */,
				23F356B7254BA39F00650251 /* Extensions.swift in Sources */,
				23F356A7254BA09000650251 /* CalculatorButtonsView.swift in Sources */,
				23F356B1254BA2BF00650251 /* CalculatorButtonStyle.swift in Sources */,
				23F9C2F62546913600A8B58C /* CalculatorApp.swift in Sources */,
				23F356AA254BA21A00650251 /* CalculatorButton.swift in Sources */,
			);
			runOnlyForDeploymentPostprocessing = 0;
		};
/* End PBXSourcesBuildPhase section */

/* Begin XCBuildConfiguration section */
		23F9C2FF2546913700A8B58C /* Debug */ = {
			isa = XCBuildConfiguration;
			buildSettings = {
				ALWAYS_SEARCH_USER_PATHS = NO;
				CLANG_ANALYZER_NONNULL = YES;
				CLANG_ANALYZER_NUMBER_OBJECT_CONVERSION = YES_AGGRESSIVE;
				CLANG_CXX_LANGUAGE_STANDARD = "gnu++14";
				CLANG_CXX_LIBRARY = "libc++";
				CLANG_ENABLE_MODULES = YES;
				CLANG_ENABLE_OBJC_ARC = YES;
				CLANG_ENABLE_OBJC_WEAK = YES;
				CLANG_WARN_BLOCK_CAPTURE_AUTORELEASING = YES;
				CLANG_WARN_BOOL_CONVERSION = YES;
				CLANG_WARN_COMMA = YES;
				CLANG_WARN_CONSTANT_CONVERSION = YES;
				CLANG_WARN_DEPRECATED_OBJC_IMPLEMENTATIONS = YES;
				CLANG_WARN_DIRECT_OBJC_ISA_USAGE = YES_ERROR;
				CLANG_WARN_DOCUMENTATION_COMMENTS = YES;
				CLANG_WARN_EMPTY_BODY = YES;
				CLANG_WARN_ENUM_CONVERSION = YES;
				CLANG_WARN_INFINITE_RECURSION = YES;
				CLANG_WARN_INT_CONVERSION = YES;
				CLANG_WARN_NON_LITERAL_NULL_CONVERSION = YES;
				CLANG_WARN_OBJC_IMPLICIT_RETAIN_SELF = YES;
				CLANG_WARN_OBJC_LITERAL_CONVERSION = YES;
				CLANG_WARN_OBJC_ROOT_CLASS = YES_ERROR;
				CLANG_WARN_QUOTED_INCLUDE_IN_FRAMEWORK_HEADER = YES;
				CLANG_WARN_RANGE_LOOP_ANALYSIS = YES;
				CLANG_WARN_STRICT_PROTOTYPES = YES;
				CLANG_WARN_SUSPICIOUS_MOVE = YES;
				CLANG_WARN_UNGUARDED_AVAILABILITY = YES_AGGRESSIVE;
				CLANG_WARN_UNREACHABLE_CODE = YES;
				CLANG_WARN__DUPLICATE_METHOD_MATCH = YES;
				COPY_PHASE_STRIP = NO;
				DEBUG_INFORMATION_FORMAT = dwarf;
				ENABLE_STRICT_OBJC_MSGSEND = YES;
				ENABLE_TESTABILITY = YES;
				GCC_C_LANGUAGE_STANDARD = gnu11;
				GCC_DYNAMIC_NO_PIC = NO;
				GCC_NO_COMMON_BLOCKS = YES;
				GCC_OPTIMIZATION_LEVEL = 0;
				GCC_PREPROCESSOR_DEFINITIONS = (
					"DEBUG=1",
					"$(inherited)",
				);
				GCC_WARN_64_TO_32_BIT_CONVERSION = YES;
				GCC_WARN_ABOUT_RETURN_TYPE = YES_ERROR;
				GCC_WARN_UNDECLARED_SELECTOR = YES;
				GCC_WARN_UNINITIALIZED_AUTOS = YES_AGGRESSIVE;
				GCC_WARN_UNUSED_FUNCTION = YES;
				GCC_WARN_UNUSED_VARIABLE = YES;
				IPHONEOS_DEPLOYMENT_TARGET = 14.1;
				MTL_ENABLE_DEBUG_INFO = INCLUDE_SOURCE;
				MTL_FAST_MATH = YES;
				ONLY_ACTIVE_ARCH = YES;
				SDKROOT = iphoneos;
				SWIFT_ACTIVE_COMPILATION_CONDITIONS = DEBUG;
				SWIFT_OPTIMIZATION_LEVEL = "-Onone";
			};
			name = Debug;
		};
		23F9C3002546913700A8B58C /* Release */ = {
			isa = XCBuildConfiguration;
			buildSettings = {
				ALWAYS_SEARCH_USER_PATHS = NO;
				CLANG_ANALYZER_NONNULL = YES;
				CLANG_ANALYZER_NUMBER_OBJECT_CONVERSION = YES_AGGRESSIVE;
				CLANG_CXX_LANGUAGE_STANDARD = "gnu++14";
				CLANG_CXX_LIBRARY = "libc++";
				CLANG_ENABLE_MODULES = YES;
				CLANG_ENABLE_OBJC_ARC = YES;
				CLANG_ENABLE_OBJC_WEAK = YES;
				CLANG_WARN_BLOCK_CAPTURE_AUTORELEASING = YES;
				CLANG_WARN_BOOL_CONVERSION = YES;
				CLANG_WARN_COMMA = YES;
				CLANG_WARN_CONSTANT_CONVERSION = YES;
				CLANG_WARN_DEPRECATED_OBJC_IMPLEMENTATIONS = YES;
				CLANG_WARN_DIRECT_OBJC_ISA_USAGE = YES_ERROR;
				CLANG_WARN_DOCUMENTATION_COMMENTS = YES;
				CLANG_WARN_EMPTY_BODY = YES;
				CLANG_WARN_ENUM_CONVERSION = YES;
				CLANG_WARN_INFINITE_RECURSION = YES;
				CLANG_WARN_INT_CONVERSION = YES;
				CLANG_WARN_NON_LITERAL_NULL_CONVERSION = YES;
				CLANG_WARN_OBJC_IMPLICIT_RETAIN_SELF = YES;
				CLANG_WARN_OBJC_LITERAL_CONVERSION = YES;
				CLANG_WARN_OBJC_ROOT_CLASS = YES_ERROR;
				CLANG_WARN_QUOTED_INCLUDE_IN_FRAMEWORK_HEADER = YES;
				CLANG_WARN_RANGE_LOOP_ANALYSIS = YES;
				CLANG_WARN_STRICT_PROTOTYPES = YES;
				CLANG_WARN_SUSPICIOUS_MOVE = YES;
				CLANG_WARN_UNGUARDED_AVAILABILITY = YES_AGGRESSIVE;
				CLANG_WARN_UNREACHABLE_CODE = YES;
				CLANG_WARN__DUPLICATE_METHOD_MATCH = YES;
				COPY_PHASE_STRIP = NO;
				DEBUG_INFORMATION_FORMAT = "dwarf-with-dsym";
				ENABLE_NS_ASSERTIONS = NO;
				ENABLE_STRICT_OBJC_MSGSEND = YES;
				GCC_C_LANGUAGE_STANDARD = gnu11;
				GCC_NO_COMMON_BLOCKS = YES;
				GCC_WARN_64_TO_32_BIT_CONVERSION = YES;
				GCC_WARN_ABOUT_RETURN_TYPE = YES_ERROR;
				GCC_WARN_UNDECLARED_SELECTOR = YES;
				GCC_WARN_UNINITIALIZED_AUTOS = YES_AGGRESSIVE;
				GCC_WARN_UNUSED_FUNCTION = YES;
				GCC_WARN_UNUSED_VARIABLE = YES;
				IPHONEOS_DEPLOYMENT_TARGET = 14.1;
				MTL_ENABLE_DEBUG_INFO = NO;
				MTL_FAST_MATH = YES;
				SDKROOT = iphoneos;
				SWIFT_COMPILATION_MODE = wholemodule;
				SWIFT_OPTIMIZATION_LEVEL = "-O";
				VALIDATE_PRODUCT = YES;
			};
			name = Release;
		};
		23F9C3022546913700A8B58C /* Debug */ = {
			isa = XCBuildConfiguration;
			buildSettings = {
				ASSETCATALOG_COMPILER_APPICON_NAME = AppIcon;
				ASSETCATALOG_COMPILER_GLOBAL_ACCENT_COLOR_NAME = AccentColor;
				CODE_SIGN_STYLE = Automatic;
				DEVELOPMENT_ASSET_PATHS = "\"Calculator/Preview Content\"";
				DEVELOPMENT_TEAM = QYND275RXA;
				ENABLE_PREVIEWS = YES;
				INFOPLIST_FILE = Calculator/Info.plist;
				IPHONEOS_DEPLOYMENT_TARGET = 14.2;
				LD_RUNPATH_SEARCH_PATHS = (
					"$(inherited)",
					"@executable_path/Frameworks",
				);
				PRODUCT_BUNDLE_IDENTIFIER = com.bradyac.Calculator;
				PRODUCT_NAME = "$(TARGET_NAME)";
				SWIFT_VERSION = 5.0;
				TARGETED_DEVICE_FAMILY = "1,2";
			};
			name = Debug;
		};
		23F9C3032546913700A8B58C /* Release */ = {
			isa = XCBuildConfiguration;
			buildSettings = {
				ASSETCATALOG_COMPILER_APPICON_NAME = AppIcon;
				ASSETCATALOG_COMPILER_GLOBAL_ACCENT_COLOR_NAME = AccentColor;
				CODE_SIGN_STYLE = Automatic;
				DEVELOPMENT_ASSET_PATHS = "\"Calculator/Preview Content\"";
				DEVELOPMENT_TEAM = QYND275RXA;
				ENABLE_PREVIEWS = YES;
				INFOPLIST_FILE = Calculator/Info.plist;
				IPHONEOS_DEPLOYMENT_TARGET = 14.2;
				LD_RUNPATH_SEARCH_PATHS = (
					"$(inherited)",
					"@executable_path/Frameworks",
				);
				PRODUCT_BUNDLE_IDENTIFIER = com.bradyac.Calculator;
				PRODUCT_NAME = "$(TARGET_NAME)";
				SWIFT_VERSION = 5.0;
				TARGETED_DEVICE_FAMILY = "1,2";
			};
			name = Release;
		};
/* End XCBuildConfiguration section */

/* Begin XCConfigurationList section */
		23F9C2ED2546913600A8B58C /* Build configuration list for PBXProject "Calculator" */ = {
			isa = XCConfigurationList;
			buildConfigurations = (
				23F9C2FF2546913700A8B58C /* Debug */,
				23F9C3002546913700A8B58C /* Release */,
			);
			defaultConfigurationIsVisible = 0;
			defaultConfigurationName = Release;
		};
		23F9C3012546913700A8B58C /* Build configuration list for PBXNativeTarget "Calculator" */ = {
			isa = XCConfigurationList;
			buildConfigurations = (
				23F9C3022546913700A8B58C /* Debug */,
				23F9C3032546913700A8B58C /* Release */,
			);
			defaultConfigurationIsVisible = 0;
			defaultConfigurationName = Release;
		};
/* End XCConfigurationList section */
	};
	rootObject = 23F9C2EA2546913600A8B58C /* Project object */;
}
